
Microsoft Visual Studio Solution File, Format Version 12.00
# Visual Studio Version 17
VisualStudioVersion = 17.4.33213.308
MinimumVisualStudioVersion = 10.0.40219.1
Project("{FAE04EC0-301F-11D3-BF4B-00C04F79EFBC}") = "Parcial2", "Parcial2\Parcial2.csproj", "{A906B46B-0E79-44C1-8573-2D12AF8AF6B8}"
EndProject
Global
	GlobalSection(SolutionConfigurationPlatforms) = preSolution
		Debug|Any CPU = Debug|Any CPU
		Release|Any CPU = Release|Any CPU
	EndGlobalSection
	GlobalSection(ProjectConfigurationPlatforms) = postSolution
		{A906B46B-0E79-44C1-8573-2D12AF8AF6B8}.Debug|Any CPU.ActiveCfg = Debug|Any CPU
		{A906B46B-0E79-44C1-8573-2D12AF8AF6B8}.Debug|Any CPU.Build.0 = Debug|Any CPU
		{A906B46B-0E79-44C1-8573-2D12AF8AF6B8}.Release|Any CPU.ActiveCfg = Release|Any CPU
		{A906B46B-0E79-44C1-8573-2D12AF8AF6B8}.Release|Any CPU.Build.0 = Release|Any CPU
	EndGlobalSection
	GlobalSection(SolutionProperties) = preSolution
		HideSolutionNode = FALSE
	EndGlobalSection
	GlobalSection(ExtensibilityGlobals) = postSolution
		SolutionGuid = {C3662414-69E8-4309-8766-71BFD35737CF}
	EndGlobalSection
EndGlobal
